
Microsoft Visual Studio Solution File, Format Version 12.00
# Visual Studio Version 17
VisualStudioVersion = 17.9.34607.119
MinimumVisualStudioVersion = 10.0.40219.1
Project("{FAE04EC0-301F-11D3-BF4B-00C04F79EFBC}") = "GlobalSolution-MVC", "GlobalSolution-MVC\GlobalSolution-MVC.csproj", "{403867B7-E436-4C5E-BC0B-0289118D68F0}"
EndProject
Global
	GlobalSection(SolutionConfigurationPlatforms) = preSolution
		Debug|Any CPU = Debug|Any CPU
		Release|Any CPU = Release|Any CPU
	EndGlobalSection
	GlobalSection(ProjectConfigurationPlatforms) = postSolution
		{403867B7-E436-4C5E-BC0B-0289118D68F0}.Debug|Any CPU.ActiveCfg = Debug|Any CPU
		{403867B7-E436-4C5E-BC0B-0289118D68F0}.Debug|Any CPU.Build.0 = Debug|Any CPU
		{403867B7-E436-4C5E-BC0B-0289118D68F0}.Release|Any CPU.ActiveCfg = Release|Any CPU
		{403867B7-E436-4C5E-BC0B-0289118D68F0}.Release|Any CPU.Build.0 = Release|Any CPU
	EndGlobalSection
	GlobalSection(SolutionProperties) = preSolution
		HideSolutionNode = FALSE
	EndGlobalSection
	GlobalSection(ExtensibilityGlobals) = postSolution
		SolutionGuid = {FD05C4D6-62F2-4471-8AC7-6F51AE381A5B}
	EndGlobalSection
EndGlobal
